
Microsoft Visual Studio Solution File, Format Version 12.00
# Visual Studio 15
VisualStudioVersion = 15.0.28307.168
MinimumVisualStudioVersion = 10.0.40219.1
Project("{FAE04EC0-301F-11D3-BF4B-00C04F79EFBC}") = "Graphical_Programming_Language _Application", "Graphical_Programming_Language _Application\Graphical_Programming_Language _Application.csproj", "{C0FBFF03-7607-4FC0-8CB1-2A71E3002930}"
EndProject
Project("{FAE04EC0-301F-11D3-BF4B-00C04F79EFBC}") = "Test", "Test\Test.csproj", "{1C4B9AEF-BD9E-4449-870F-6D8BB2D8CE36}"
EndProject
Global
	GlobalSection(SolutionConfigurationPlatforms) = preSolution
		Debug|Any CPU = Debug|Any CPU
		Release|Any CPU = Release|Any CPU
	EndGlobalSection
	GlobalSection(ProjectConfigurationPlatforms) = postSolution
		{C0FBFF03-7607-4FC0-8CB1-2A71E3002930}.Debug|Any CPU.ActiveCfg = Debug|Any CPU
		{C0FBFF03-7607-4FC0-8CB1-2A71E3002930}.Debug|Any CPU.Build.0 = Debug|Any CPU
		{C0FBFF03-7607-4FC0-8CB1-2A71E3002930}.Release|Any CPU.ActiveCfg = Release|Any CPU
		{C0FBFF03-7607-4FC0-8CB1-2A71E3002930}.Release|Any CPU.Build.0 = Release|Any CPU
		{1C4B9AEF-BD9E-4449-870F-6D8BB2D8CE36}.Debug|Any CPU.ActiveCfg = Debug|Any CPU
		{1C4B9AEF-BD9E-4449-870F-6D8BB2D8CE36}.Debug|Any CPU.Build.0 = Debug|Any CPU
		{1C4B9AEF-BD9E-4449-870F-6D8BB2D8CE36}.Release|Any CPU.ActiveCfg = Release|Any CPU
		{1C4B9AEF-BD9E-4449-870F-6D8BB2D8CE36}.Release|Any CPU.Build.0 = Release|Any CPU
	EndGlobalSection
	GlobalSection(SolutionProperties) = preSolution
		HideSolutionNode = FALSE
	EndGlobalSection
	GlobalSection(ExtensibilityGlobals) = postSolution
		SolutionGuid = {B587F2A3-0F25-4214-B898-EF0F69D2BB6D}
	EndGlobalSection
EndGlobal
